
Microsoft Visual Studio Solution File, Format Version 12.00
# Visual Studio Version 17
VisualStudioVersion = 17.11.35312.102
MinimumVisualStudioVersion = 10.0.40219.1
Project("{FAE04EC0-301F-11D3-BF4B-00C04F79EFBC}") = "BillingSystem", "BillingSystem.csproj", "{A255D433-C526-4895-8A28-02887431FCCA}"
EndProject
Global
	GlobalSection(SolutionConfigurationPlatforms) = preSolution
		Debug|Any CPU = Debug|Any CPU
		Release|Any CPU = Release|Any CPU
	EndGlobalSection
	GlobalSection(ProjectConfigurationPlatforms) = postSolution
		{A255D433-C526-4895-8A28-02887431FCCA}.Debug|Any CPU.ActiveCfg = Debug|Any CPU
		{A255D433-C526-4895-8A28-02887431FCCA}.Debug|Any CPU.Build.0 = Debug|Any CPU
		{A255D433-C526-4895-8A28-02887431FCCA}.Release|Any CPU.ActiveCfg = Release|Any CPU
		{A255D433-C526-4895-8A28-02887431FCCA}.Release|Any CPU.Build.0 = Release|Any CPU
	EndGlobalSection
	GlobalSection(SolutionProperties) = preSolution
		HideSolutionNode = FALSE
	EndGlobalSection
	GlobalSection(ExtensibilityGlobals) = postSolution
		SolutionGuid = {6FB7466A-0E3E-46DC-AFE2-E18801F127E9}
	EndGlobalSection
EndGlobal
