
Microsoft Visual Studio Solution File, Format Version 12.00
# Visual Studio Version 17
VisualStudioVersion = 17.11.35312.102
MinimumVisualStudioVersion = 10.0.40219.1
Project("{FAE04EC0-301F-11D3-BF4B-00C04F79EFBC}") = "trycatchdemo2", "trycatchdemo2.csproj", "{7BDC9976-76DE-49E9-B3DF-71CA14811B05}"
EndProject
Global
	GlobalSection(SolutionConfigurationPlatforms) = preSolution
		Debug|Any CPU = Debug|Any CPU
		Release|Any CPU = Release|Any CPU
	EndGlobalSection
	GlobalSection(ProjectConfigurationPlatforms) = postSolution
		{7BDC9976-76DE-49E9-B3DF-71CA14811B05}.Debug|Any CPU.ActiveCfg = Debug|Any CPU
		{7BDC9976-76DE-49E9-B3DF-71CA14811B05}.Debug|Any CPU.Build.0 = Debug|Any CPU
		{7BDC9976-76DE-49E9-B3DF-71CA14811B05}.Release|Any CPU.ActiveCfg = Release|Any CPU
		{7BDC9976-76DE-49E9-B3DF-71CA14811B05}.Release|Any CPU.Build.0 = Release|Any CPU
	EndGlobalSection
	GlobalSection(SolutionProperties) = preSolution
		HideSolutionNode = FALSE
	EndGlobalSection
	GlobalSection(ExtensibilityGlobals) = postSolution
		SolutionGuid = {E640D135-0279-46F1-93FD-67C2439A1B63}
	EndGlobalSection
EndGlobal
