
Microsoft Visual Studio Solution File, Format Version 12.00
# Visual Studio Version 17
VisualStudioVersion = 17.11.35312.102
MinimumVisualStudioVersion = 10.0.40219.1
Project("{FAE04EC0-301F-11D3-BF4B-00C04F79EFBC}") = "lastdemo", "lastdemo.csproj", "{E061432A-B0D0-4009-AB44-76C4B9370DB3}"
EndProject
Global
	GlobalSection(SolutionConfigurationPlatforms) = preSolution
		Debug|Any CPU = Debug|Any CPU
		Release|Any CPU = Release|Any CPU
	EndGlobalSection
	GlobalSection(ProjectConfigurationPlatforms) = postSolution
		{E061432A-B0D0-4009-AB44-76C4B9370DB3}.Debug|Any CPU.ActiveCfg = Debug|Any CPU
		{E061432A-B0D0-4009-AB44-76C4B9370DB3}.Debug|Any CPU.Build.0 = Debug|Any CPU
		{E061432A-B0D0-4009-AB44-76C4B9370DB3}.Release|Any CPU.ActiveCfg = Release|Any CPU
		{E061432A-B0D0-4009-AB44-76C4B9370DB3}.Release|Any CPU.Build.0 = Release|Any CPU
	EndGlobalSection
	GlobalSection(SolutionProperties) = preSolution
		HideSolutionNode = FALSE
	EndGlobalSection
	GlobalSection(ExtensibilityGlobals) = postSolution
		SolutionGuid = {59F771E9-2221-418A-8772-C1D77F9462D4}
	EndGlobalSection
EndGlobal
